
Microsoft Visual Studio Solution File, Format Version 11.00
# Visual Studio 2010
Project("{FAE04EC0-301F-11D3-BF4B-00C04F79EFBC}") = "DataAccessLayer", "DataAccessLayer\DataAccessLayer.csproj", "{B9C4FF9B-3EC9-4BAF-8B98-E4C4F5E35340}"
EndProject
Project("{FAE04EC0-301F-11D3-BF4B-00C04F79EFBC}") = "BusinessLayer", "BusinessLayer\BusinessLayer.csproj", "{EBE3466E-FDBD-41A7-86F0-F1F1EB86D40B}"
EndProject
Project("{FAE04EC0-301F-11D3-BF4B-00C04F79EFBC}") = "PresentationLayer", "PresentationLayer\PresentationLayer.csproj", "{C2FCAA18-E152-4BB1-AF75-019FD5FE654D}"
EndProject
Project("{FAE04EC0-301F-11D3-BF4B-00C04F79EFBC}") = "ObjectCL", "ObjectCL\ObjectCL.csproj", "{273CC79D-9462-4E49-A8F7-C8429020AEA1}"
EndProject
Global
	GlobalSection(SolutionConfigurationPlatforms) = preSolution
		Debug|Any CPU = Debug|Any CPU
		Release|Any CPU = Release|Any CPU
	EndGlobalSection
	GlobalSection(ProjectConfigurationPlatforms) = postSolution
		{B9C4FF9B-3EC9-4BAF-8B98-E4C4F5E35340}.Debug|Any CPU.ActiveCfg = Debug|Any CPU
		{B9C4FF9B-3EC9-4BAF-8B98-E4C4F5E35340}.Debug|Any CPU.Build.0 = Debug|Any CPU
		{B9C4FF9B-3EC9-4BAF-8B98-E4C4F5E35340}.Release|Any CPU.ActiveCfg = Release|Any CPU
		{B9C4FF9B-3EC9-4BAF-8B98-E4C4F5E35340}.Release|Any CPU.Build.0 = Release|Any CPU
		{EBE3466E-FDBD-41A7-86F0-F1F1EB86D40B}.Debug|Any CPU.ActiveCfg = Debug|Any CPU
		{EBE3466E-FDBD-41A7-86F0-F1F1EB86D40B}.Debug|Any CPU.Build.0 = Debug|Any CPU
		{EBE3466E-FDBD-41A7-86F0-F1F1EB86D40B}.Release|Any CPU.ActiveCfg = Release|Any CPU
		{EBE3466E-FDBD-41A7-86F0-F1F1EB86D40B}.Release|Any CPU.Build.0 = Release|Any CPU
		{C2FCAA18-E152-4BB1-AF75-019FD5FE654D}.Debug|Any CPU.ActiveCfg = Debug|Any CPU
		{C2FCAA18-E152-4BB1-AF75-019FD5FE654D}.Debug|Any CPU.Build.0 = Debug|Any CPU
		{C2FCAA18-E152-4BB1-AF75-019FD5FE654D}.Release|Any CPU.ActiveCfg = Release|Any CPU
		{C2FCAA18-E152-4BB1-AF75-019FD5FE654D}.Release|Any CPU.Build.0 = Release|Any CPU
		{273CC79D-9462-4E49-A8F7-C8429020AEA1}.Debug|Any CPU.ActiveCfg = Debug|Any CPU
		{273CC79D-9462-4E49-A8F7-C8429020AEA1}.Debug|Any CPU.Build.0 = Debug|Any CPU
		{273CC79D-9462-4E49-A8F7-C8429020AEA1}.Release|Any CPU.ActiveCfg = Release|Any CPU
		{273CC79D-9462-4E49-A8F7-C8429020AEA1}.Release|Any CPU.Build.0 = Release|Any CPU
	EndGlobalSection
	GlobalSection(SolutionProperties) = preSolution
		HideSolutionNode = FALSE
	EndGlobalSection
EndGlobal
